
Microsoft Visual Studio Solution File, Format Version 12.00
# Visual Studio Version 17
VisualStudioVersion = 17.0.31903.59
MinimumVisualStudioVersion = 10.0.40219.1
Project("{2150E333-8FDC-42A3-9474-1A3956D46DE8}") = "tests", "tests", "{0AB3BF05-4346-4AA6-1389-037BE0695223}"
EndProject
Project("{FAE04EC0-301F-11D3-BF4B-00C04F79EFBC}") = "AllWorkHRIS.Host.Tests", "tests\AllWorkHRIS.Host.Tests\AllWorkHRIS.Host.Tests.csproj", "{A220E4B4-70BD-45B2-B5D8-5C677AC293AC}"
EndProject
Project("{2150E333-8FDC-42A3-9474-1A3956D46DE8}") = "src", "src", "{827E0CD3-B72D-47B6-A68D-7590B98EB39B}"
EndProject
Project("{FAE04EC0-301F-11D3-BF4B-00C04F79EFBC}") = "AllWorkHRIS.Host", "src\AllWorkHRIS.Host\AllWorkHRIS.Host.csproj", "{13C8B68B-FF58-454A-BF93-153469D28202}"
EndProject
Project("{FAE04EC0-301F-11D3-BF4B-00C04F79EFBC}") = "AllWorkHRIS.Core", "src\AllWorkHRIS.Core\AllWorkHRIS.Core.csproj", "{EC0DE3DD-D496-407E-838B-ACE85F798E1A}"
EndProject
Project("{FAE04EC0-301F-11D3-BF4B-00C04F79EFBC}") = "AllWorkHRIS.Host.SharedUI", "src\AllWorkHRIS.Host.SharedUI\AllWorkHRIS.Host.SharedUI.csproj", "{FEF76D56-B613-42F5-894C-693506524E5A}"
EndProject
Project("{FAE04EC0-301F-11D3-BF4B-00C04F79EFBC}") = "AllWorkHRIS.Module.Payroll", "src\AllWorkHRIS.Module.Payroll\AllWorkHRIS.Module.Payroll.csproj", "{788EA5D7-4C86-4632-9875-170DD85C084F}"
EndProject
Project("{FAE04EC0-301F-11D3-BF4B-00C04F79EFBC}") = "AllWorkHRIS.Module.Tax", "src\AllWorkHRIS.Module.Tax\AllWorkHRIS.Module.Tax.csproj", "{07EBEAA2-EF0D-4188-BB51-625150BD89BB}"
EndProject
Project("{FAE04EC0-301F-11D3-BF4B-00C04F79EFBC}") = "AllWorkHRIS.Module.Benefits", "src\AllWorkHRIS.Module.Benefits\AllWorkHRIS.Module.Benefits.csproj", "{B4F62E91-3C7A-4D88-A2C5-9E1D4F7C3B02}"
EndProject
Project("{FAE04EC0-301F-11D3-BF4B-00C04F79EFBC}") = "AllWorkHRIS.Module.TimeAttendance", "src\AllWorkHRIS.Module.TimeAttendance\AllWorkHRIS.Module.TimeAttendance.csproj", "{B783A4E1-69A7-448C-B60C-884F1F1F0D03}"
EndProject
Global
	GlobalSection(SolutionConfigurationPlatforms) = preSolution
		Debug|Any CPU = Debug|Any CPU
		Debug|x64 = Debug|x64
		Debug|x86 = Debug|x86
		Release|Any CPU = Release|Any CPU
		Release|x64 = Release|x64
		Release|x86 = Release|x86
	EndGlobalSection
	GlobalSection(ProjectConfigurationPlatforms) = postSolution
		{A220E4B4-70BD-45B2-B5D8-5C677AC293AC}.Debug|Any CPU.ActiveCfg = Debug|Any CPU
		{A220E4B4-70BD-45B2-B5D8-5C677AC293AC}.Debug|Any CPU.Build.0 = Debug|Any CPU
		{A220E4B4-70BD-45B2-B5D8-5C677AC293AC}.Debug|x64.ActiveCfg = Debug|Any CPU
		{A220E4B4-70BD-45B2-B5D8-5C677AC293AC}.Debug|x64.Build.0 = Debug|Any CPU
		{A220E4B4-70BD-45B2-B5D8-5C677AC293AC}.Debug|x86.ActiveCfg = Debug|Any CPU
		{A220E4B4-70BD-45B2-B5D8-5C677AC293AC}.Debug|x86.Build.0 = Debug|Any CPU
		{A220E4B4-70BD-45B2-B5D8-5C677AC293AC}.Release|Any CPU.ActiveCfg = Release|Any CPU
		{A220E4B4-70BD-45B2-B5D8-5C677AC293AC}.Release|Any CPU.Build.0 = Release|Any CPU
		{A220E4B4-70BD-45B2-B5D8-5C677AC293AC}.Release|x64.ActiveCfg = Release|Any CPU
		{A220E4B4-70BD-45B2-B5D8-5C677AC293AC}.Release|x64.Build.0 = Release|Any CPU
		{A220E4B4-70BD-45B2-B5D8-5C677AC293AC}.Release|x86.ActiveCfg = Release|Any CPU
		{A220E4B4-70BD-45B2-B5D8-5C677AC293AC}.Release|x86.Build.0 = Release|Any CPU
		{13C8B68B-FF58-454A-BF93-153469D28202}.Debug|Any CPU.ActiveCfg = Debug|Any CPU
		{13C8B68B-FF58-454A-BF93-153469D28202}.Debug|Any CPU.Build.0 = Debug|Any CPU
		{13C8B68B-FF58-454A-BF93-153469D28202}.Debug|x64.ActiveCfg = Debug|Any CPU
		{13C8B68B-FF58-454A-BF93-153469D28202}.Debug|x64.Build.0 = Debug|Any CPU
		{13C8B68B-FF58-454A-BF93-153469D28202}.Debug|x86.ActiveCfg = Debug|Any CPU
		{13C8B68B-FF58-454A-BF93-153469D28202}.Debug|x86.Build.0 = Debug|Any CPU
		{13C8B68B-FF58-454A-BF93-153469D28202}.Release|Any CPU.ActiveCfg = Release|Any CPU
		{13C8B68B-FF58-454A-BF93-153469D28202}.Release|Any CPU.Build.0 = Release|Any CPU
		{13C8B68B-FF58-454A-BF93-153469D28202}.Release|x64.ActiveCfg = Release|Any CPU
		{13C8B68B-FF58-454A-BF93-153469D28202}.Release|x64.Build.0 = Release|Any CPU
		{13C8B68B-FF58-454A-BF93-153469D28202}.Release|x86.ActiveCfg = Release|Any CPU
		{13C8B68B-FF58-454A-BF93-153469D28202}.Release|x86.Build.0 = Release|Any CPU
		{EC0DE3DD-D496-407E-838B-ACE85F798E1A}.Debug|Any CPU.ActiveCfg = Debug|Any CPU
		{EC0DE3DD-D496-407E-838B-ACE85F798E1A}.Debug|Any CPU.Build.0 = Debug|Any CPU
		{EC0DE3DD-D496-407E-838B-ACE85F798E1A}.Debug|x64.ActiveCfg = Debug|Any CPU
		{EC0DE3DD-D496-407E-838B-ACE85F798E1A}.Debug|x64.Build.0 = Debug|Any CPU
		{EC0DE3DD-D496-407E-838B-ACE85F798E1A}.Debug|x86.ActiveCfg = Debug|Any CPU
		{EC0DE3DD-D496-407E-838B-ACE85F798E1A}.Debug|x86.Build.0 = Debug|Any CPU
		{EC0DE3DD-D496-407E-838B-ACE85F798E1A}.Release|Any CPU.ActiveCfg = Release|Any CPU
		{EC0DE3DD-D496-407E-838B-ACE85F798E1A}.Release|Any CPU.Build.0 = Release|Any CPU
		{EC0DE3DD-D496-407E-838B-ACE85F798E1A}.Release|x64.ActiveCfg = Release|Any CPU
		{EC0DE3DD-D496-407E-838B-ACE85F798E1A}.Release|x64.Build.0 = Release|Any CPU
		{EC0DE3DD-D496-407E-838B-ACE85F798E1A}.Release|x86.ActiveCfg = Release|Any CPU
		{EC0DE3DD-D496-407E-838B-ACE85F798E1A}.Release|x86.Build.0 = Release|Any CPU
		{FEF76D56-B613-42F5-894C-693506524E5A}.Debug|Any CPU.ActiveCfg = Debug|Any CPU
		{FEF76D56-B613-42F5-894C-693506524E5A}.Debug|Any CPU.Build.0 = Debug|Any CPU
		{FEF76D56-B613-42F5-894C-693506524E5A}.Debug|x64.ActiveCfg = Debug|Any CPU
		{FEF76D56-B613-42F5-894C-693506524E5A}.Debug|x64.Build.0 = Debug|Any CPU
		{FEF76D56-B613-42F5-894C-693506524E5A}.Debug|x86.ActiveCfg = Debug|Any CPU
		{FEF76D56-B613-42F5-894C-693506524E5A}.Debug|x86.Build.0 = Debug|Any CPU
		{FEF76D56-B613-42F5-894C-693506524E5A}.Release|Any CPU.ActiveCfg = Release|Any CPU
		{FEF76D56-B613-42F5-894C-693506524E5A}.Release|Any CPU.Build.0 = Release|Any CPU
		{FEF76D56-B613-42F5-894C-693506524E5A}.Release|x64.ActiveCfg = Release|Any CPU
		{FEF76D56-B613-42F5-894C-693506524E5A}.Release|x64.Build.0 = Release|Any CPU
		{FEF76D56-B613-42F5-894C-693506524E5A}.Release|x86.ActiveCfg = Release|Any CPU
		{FEF76D56-B613-42F5-894C-693506524E5A}.Release|x86.Build.0 = Release|Any CPU
		{788EA5D7-4C86-4632-9875-170DD85C084F}.Debug|Any CPU.ActiveCfg = Debug|Any CPU
		{788EA5D7-4C86-4632-9875-170DD85C084F}.Debug|Any CPU.Build.0 = Debug|Any CPU
		{788EA5D7-4C86-4632-9875-170DD85C084F}.Debug|x64.ActiveCfg = Debug|Any CPU
		{788EA5D7-4C86-4632-9875-170DD85C084F}.Debug|x64.Build.0 = Debug|Any CPU
		{788EA5D7-4C86-4632-9875-170DD85C084F}.Debug|x86.ActiveCfg = Debug|Any CPU
		{788EA5D7-4C86-4632-9875-170DD85C084F}.Debug|x86.Build.0 = Debug|Any CPU
		{788EA5D7-4C86-4632-9875-170DD85C084F}.Release|Any CPU.ActiveCfg = Release|Any CPU
		{788EA5D7-4C86-4632-9875-170DD85C084F}.Release|Any CPU.Build.0 = Release|Any CPU
		{788EA5D7-4C86-4632-9875-170DD85C084F}.Release|x64.ActiveCfg = Release|Any CPU
		{788EA5D7-4C86-4632-9875-170DD85C084F}.Release|x64.Build.0 = Release|Any CPU
		{788EA5D7-4C86-4632-9875-170DD85C084F}.Release|x86.ActiveCfg = Release|Any CPU
		{788EA5D7-4C86-4632-9875-170DD85C084F}.Release|x86.Build.0 = Release|Any CPU
		{07EBEAA2-EF0D-4188-BB51-625150BD89BB}.Debug|Any CPU.ActiveCfg = Debug|Any CPU
		{07EBEAA2-EF0D-4188-BB51-625150BD89BB}.Debug|Any CPU.Build.0 = Debug|Any CPU
		{07EBEAA2-EF0D-4188-BB51-625150BD89BB}.Debug|x64.ActiveCfg = Debug|Any CPU
		{07EBEAA2-EF0D-4188-BB51-625150BD89BB}.Debug|x64.Build.0 = Debug|Any CPU
		{07EBEAA2-EF0D-4188-BB51-625150BD89BB}.Debug|x86.ActiveCfg = Debug|Any CPU
		{07EBEAA2-EF0D-4188-BB51-625150BD89BB}.Debug|x86.Build.0 = Debug|Any CPU
		{07EBEAA2-EF0D-4188-BB51-625150BD89BB}.Release|Any CPU.ActiveCfg = Release|Any CPU
		{07EBEAA2-EF0D-4188-BB51-625150BD89BB}.Release|Any CPU.Build.0 = Release|Any CPU
		{07EBEAA2-EF0D-4188-BB51-625150BD89BB}.Release|x64.ActiveCfg = Release|Any CPU
		{07EBEAA2-EF0D-4188-BB51-625150BD89BB}.Release|x64.Build.0 = Release|Any CPU
		{07EBEAA2-EF0D-4188-BB51-625150BD89BB}.Release|x86.ActiveCfg = Release|Any CPU
		{07EBEAA2-EF0D-4188-BB51-625150BD89BB}.Release|x86.Build.0 = Release|Any CPU
		{B4F62E91-3C7A-4D88-A2C5-9E1D4F7C3B02}.Debug|Any CPU.ActiveCfg = Debug|Any CPU
		{B4F62E91-3C7A-4D88-A2C5-9E1D4F7C3B02}.Debug|Any CPU.Build.0 = Debug|Any CPU
		{B4F62E91-3C7A-4D88-A2C5-9E1D4F7C3B02}.Debug|x64.ActiveCfg = Debug|Any CPU
		{B4F62E91-3C7A-4D88-A2C5-9E1D4F7C3B02}.Debug|x64.Build.0 = Debug|Any CPU
		{B4F62E91-3C7A-4D88-A2C5-9E1D4F7C3B02}.Debug|x86.ActiveCfg = Debug|Any CPU
		{B4F62E91-3C7A-4D88-A2C5-9E1D4F7C3B02}.Debug|x86.Build.0 = Debug|Any CPU
		{B4F62E91-3C7A-4D88-A2C5-9E1D4F7C3B02}.Release|Any CPU.ActiveCfg = Release|Any CPU
		{B4F62E91-3C7A-4D88-A2C5-9E1D4F7C3B02}.Release|Any CPU.Build.0 = Release|Any CPU
		{B4F62E91-3C7A-4D88-A2C5-9E1D4F7C3B02}.Release|x64.ActiveCfg = Release|Any CPU
		{B4F62E91-3C7A-4D88-A2C5-9E1D4F7C3B02}.Release|x64.Build.0 = Release|Any CPU
		{B4F62E91-3C7A-4D88-A2C5-9E1D4F7C3B02}.Release|x86.ActiveCfg = Release|Any CPU
		{B4F62E91-3C7A-4D88-A2C5-9E1D4F7C3B02}.Release|x86.Build.0 = Release|Any CPU
		{B783A4E1-69A7-448C-B60C-884F1F1F0D03}.Debug|Any CPU.ActiveCfg = Debug|Any CPU
		{B783A4E1-69A7-448C-B60C-884F1F1F0D03}.Debug|Any CPU.Build.0 = Debug|Any CPU
		{B783A4E1-69A7-448C-B60C-884F1F1F0D03}.Debug|x64.ActiveCfg = Debug|Any CPU
		{B783A4E1-69A7-448C-B60C-884F1F1F0D03}.Debug|x64.Build.0 = Debug|Any CPU
		{B783A4E1-69A7-448C-B60C-884F1F1F0D03}.Debug|x86.ActiveCfg = Debug|Any CPU
		{B783A4E1-69A7-448C-B60C-884F1F1F0D03}.Debug|x86.Build.0 = Debug|Any CPU
		{B783A4E1-69A7-448C-B60C-884F1F1F0D03}.Release|Any CPU.ActiveCfg = Release|Any CPU
		{B783A4E1-69A7-448C-B60C-884F1F1F0D03}.Release|Any CPU.Build.0 = Release|Any CPU
		{B783A4E1-69A7-448C-B60C-884F1F1F0D03}.Release|x64.ActiveCfg = Release|Any CPU
		{B783A4E1-69A7-448C-B60C-884F1F1F0D03}.Release|x64.Build.0 = Release|Any CPU
		{B783A4E1-69A7-448C-B60C-884F1F1F0D03}.Release|x86.ActiveCfg = Release|Any CPU
		{B783A4E1-69A7-448C-B60C-884F1F1F0D03}.Release|x86.Build.0 = Release|Any CPU
	EndGlobalSection
	GlobalSection(SolutionProperties) = preSolution
		HideSolutionNode = FALSE
	EndGlobalSection
	GlobalSection(NestedProjects) = preSolution
		{A220E4B4-70BD-45B2-B5D8-5C677AC293AC} = {0AB3BF05-4346-4AA6-1389-037BE0695223}
		{13C8B68B-FF58-454A-BF93-153469D28202} = {827E0CD3-B72D-47B6-A68D-7590B98EB39B}
		{EC0DE3DD-D496-407E-838B-ACE85F798E1A} = {827E0CD3-B72D-47B6-A68D-7590B98EB39B}
		{FEF76D56-B613-42F5-894C-693506524E5A} = {827E0CD3-B72D-47B6-A68D-7590B98EB39B}
		{788EA5D7-4C86-4632-9875-170DD85C084F} = {827E0CD3-B72D-47B6-A68D-7590B98EB39B}
		{07EBEAA2-EF0D-4188-BB51-625150BD89BB} = {827E0CD3-B72D-47B6-A68D-7590B98EB39B}
		{B4F62E91-3C7A-4D88-A2C5-9E1D4F7C3B02} = {827E0CD3-B72D-47B6-A68D-7590B98EB39B}
		{B783A4E1-69A7-448C-B60C-884F1F1F0D03} = {827E0CD3-B72D-47B6-A68D-7590B98EB39B}
	EndGlobalSection
EndGlobal
